
Microsoft Visual Studio Solution File, Format Version 12.00
# Visual Studio 2012
Project("{FAE04EC0-301F-11D3-BF4B-00C04F79EFBC}") = "Boethin.Net.DnsTools.DnsClient", "Boethin.Net.DnsTools.DnsClient\Boethin.Net.DnsTools.DnsClient.csproj", "{4C2EA503-2794-445A-B12A-75EA0999BC6A}"
EndProject
Project("{FAE04EC0-301F-11D3-BF4B-00C04F79EFBC}") = "Boethin.Net.DnsTools.Resolution", "Boethin.Net.DnsTools.Resolution\Boethin.Net.DnsTools.Resolution.csproj", "{BF405AD7-EEEA-430D-9093-E391080F78E9}"
EndProject
Project("{FAE04EC0-301F-11D3-BF4B-00C04F79EFBC}") = "Boethin.Net.DnsTools.Tests.ConsoleResolver", "Boethin.Net.DnsTools.Tests.ConsoleResolver\Boethin.Net.DnsTools.Tests.ConsoleResolver.csproj", "{61850240-1B46-4A1C-8C46-5E6C7D2BC7AF}"
EndProject
Project("{FAE04EC0-301F-11D3-BF4B-00C04F79EFBC}") = "Boethin.Net.DnsTools.Tests.ClientApp", "Boethin.Net.DnsTools.Tests.ClientApp\Boethin.Net.DnsTools.Tests.ClientApp.csproj", "{8F0A6359-7768-4938-B97E-19865EB2CCD7}"
EndProject
Project("{FAE04EC0-301F-11D3-BF4B-00C04F79EFBC}") = "ConsoleApplication1", "ConsoleApplication1\ConsoleApplication1.csproj", "{DBD7ACDE-1B74-4C15-8125-A6BCE079492D}"
EndProject
Global
	GlobalSection(SolutionConfigurationPlatforms) = preSolution
		Debug|Any CPU = Debug|Any CPU
		Debug|Mixed Platforms = Debug|Mixed Platforms
		Debug|x86 = Debug|x86
		Release|Any CPU = Release|Any CPU
		Release|Mixed Platforms = Release|Mixed Platforms
		Release|x86 = Release|x86
	EndGlobalSection
	GlobalSection(ProjectConfigurationPlatforms) = postSolution
		{4C2EA503-2794-445A-B12A-75EA0999BC6A}.Debug|Any CPU.ActiveCfg = Debug|Any CPU
		{4C2EA503-2794-445A-B12A-75EA0999BC6A}.Debug|Any CPU.Build.0 = Debug|Any CPU
		{4C2EA503-2794-445A-B12A-75EA0999BC6A}.Debug|Mixed Platforms.ActiveCfg = Debug|Any CPU
		{4C2EA503-2794-445A-B12A-75EA0999BC6A}.Debug|Mixed Platforms.Build.0 = Debug|Any CPU
		{4C2EA503-2794-445A-B12A-75EA0999BC6A}.Debug|x86.ActiveCfg = Debug|Any CPU
		{4C2EA503-2794-445A-B12A-75EA0999BC6A}.Release|Any CPU.ActiveCfg = Release|Any CPU
		{4C2EA503-2794-445A-B12A-75EA0999BC6A}.Release|Any CPU.Build.0 = Release|Any CPU
		{4C2EA503-2794-445A-B12A-75EA0999BC6A}.Release|Mixed Platforms.ActiveCfg = Release|Any CPU
		{4C2EA503-2794-445A-B12A-75EA0999BC6A}.Release|Mixed Platforms.Build.0 = Release|Any CPU
		{4C2EA503-2794-445A-B12A-75EA0999BC6A}.Release|x86.ActiveCfg = Release|Any CPU
		{BF405AD7-EEEA-430D-9093-E391080F78E9}.Debug|Any CPU.ActiveCfg = Debug|Any CPU
		{BF405AD7-EEEA-430D-9093-E391080F78E9}.Debug|Any CPU.Build.0 = Debug|Any CPU
		{BF405AD7-EEEA-430D-9093-E391080F78E9}.Debug|Mixed Platforms.ActiveCfg = Debug|Any CPU
		{BF405AD7-EEEA-430D-9093-E391080F78E9}.Debug|Mixed Platforms.Build.0 = Debug|Any CPU
		{BF405AD7-EEEA-430D-9093-E391080F78E9}.Debug|x86.ActiveCfg = Debug|Any CPU
		{BF405AD7-EEEA-430D-9093-E391080F78E9}.Release|Any CPU.ActiveCfg = Release|Any CPU
		{BF405AD7-EEEA-430D-9093-E391080F78E9}.Release|Any CPU.Build.0 = Release|Any CPU
		{BF405AD7-EEEA-430D-9093-E391080F78E9}.Release|Mixed Platforms.ActiveCfg = Release|Any CPU
		{BF405AD7-EEEA-430D-9093-E391080F78E9}.Release|Mixed Platforms.Build.0 = Release|Any CPU
		{BF405AD7-EEEA-430D-9093-E391080F78E9}.Release|x86.ActiveCfg = Release|Any CPU
		{61850240-1B46-4A1C-8C46-5E6C7D2BC7AF}.Debug|Any CPU.ActiveCfg = Debug|x86
		{61850240-1B46-4A1C-8C46-5E6C7D2BC7AF}.Debug|Mixed Platforms.ActiveCfg = Debug|x86
		{61850240-1B46-4A1C-8C46-5E6C7D2BC7AF}.Debug|Mixed Platforms.Build.0 = Debug|x86
		{61850240-1B46-4A1C-8C46-5E6C7D2BC7AF}.Debug|x86.ActiveCfg = Debug|x86
		{61850240-1B46-4A1C-8C46-5E6C7D2BC7AF}.Debug|x86.Build.0 = Debug|x86
		{61850240-1B46-4A1C-8C46-5E6C7D2BC7AF}.Release|Any CPU.ActiveCfg = Release|x86
		{61850240-1B46-4A1C-8C46-5E6C7D2BC7AF}.Release|Mixed Platforms.ActiveCfg = Release|x86
		{61850240-1B46-4A1C-8C46-5E6C7D2BC7AF}.Release|Mixed Platforms.Build.0 = Release|x86
		{61850240-1B46-4A1C-8C46-5E6C7D2BC7AF}.Release|x86.ActiveCfg = Release|x86
		{61850240-1B46-4A1C-8C46-5E6C7D2BC7AF}.Release|x86.Build.0 = Release|x86
		{8F0A6359-7768-4938-B97E-19865EB2CCD7}.Debug|Any CPU.ActiveCfg = Debug|x86
		{8F0A6359-7768-4938-B97E-19865EB2CCD7}.Debug|Mixed Platforms.ActiveCfg = Debug|x86
		{8F0A6359-7768-4938-B97E-19865EB2CCD7}.Debug|Mixed Platforms.Build.0 = Debug|x86
		{8F0A6359-7768-4938-B97E-19865EB2CCD7}.Debug|x86.ActiveCfg = Debug|x86
		{8F0A6359-7768-4938-B97E-19865EB2CCD7}.Debug|x86.Build.0 = Debug|x86
		{8F0A6359-7768-4938-B97E-19865EB2CCD7}.Release|Any CPU.ActiveCfg = Release|x86
		{8F0A6359-7768-4938-B97E-19865EB2CCD7}.Release|Mixed Platforms.ActiveCfg = Release|x86
		{8F0A6359-7768-4938-B97E-19865EB2CCD7}.Release|Mixed Platforms.Build.0 = Release|x86
		{8F0A6359-7768-4938-B97E-19865EB2CCD7}.Release|x86.ActiveCfg = Release|x86
		{8F0A6359-7768-4938-B97E-19865EB2CCD7}.Release|x86.Build.0 = Release|x86
		{DBD7ACDE-1B74-4C15-8125-A6BCE079492D}.Debug|Any CPU.ActiveCfg = Debug|Any CPU
		{DBD7ACDE-1B74-4C15-8125-A6BCE079492D}.Debug|Any CPU.Build.0 = Debug|Any CPU
		{DBD7ACDE-1B74-4C15-8125-A6BCE079492D}.Debug|Mixed Platforms.ActiveCfg = Debug|Any CPU
		{DBD7ACDE-1B74-4C15-8125-A6BCE079492D}.Debug|Mixed Platforms.Build.0 = Debug|Any CPU
		{DBD7ACDE-1B74-4C15-8125-A6BCE079492D}.Debug|x86.ActiveCfg = Debug|Any CPU
		{DBD7ACDE-1B74-4C15-8125-A6BCE079492D}.Release|Any CPU.ActiveCfg = Release|Any CPU
		{DBD7ACDE-1B74-4C15-8125-A6BCE079492D}.Release|Any CPU.Build.0 = Release|Any CPU
		{DBD7ACDE-1B74-4C15-8125-A6BCE079492D}.Release|Mixed Platforms.ActiveCfg = Release|Any CPU
		{DBD7ACDE-1B74-4C15-8125-A6BCE079492D}.Release|Mixed Platforms.Build.0 = Release|Any CPU
		{DBD7ACDE-1B74-4C15-8125-A6BCE079492D}.Release|x86.ActiveCfg = Release|Any CPU
	EndGlobalSection
	GlobalSection(SolutionProperties) = preSolution
		HideSolutionNode = FALSE
	EndGlobalSection
EndGlobal
